
Microsoft Visual Studio Solution File, Format Version 12.00
# Visual Studio 15
VisualStudioVersion = 15.0.28307.1401
MinimumVisualStudioVersion = 10.0.40219.1
Project("{FAE04EC0-301F-11D3-BF4B-00C04F79EFBC}") = "Projekat1", "Projekat1\Projekat1.csproj", "{27FCEE72-9AF0-4E55-8D46-60038180112A}"
EndProject
Global
	GlobalSection(SolutionConfigurationPlatforms) = preSolution
		Debug|Any CPU = Debug|Any CPU
		Release|Any CPU = Release|Any CPU
	EndGlobalSection
	GlobalSection(ProjectConfigurationPlatforms) = postSolution
		{27FCEE72-9AF0-4E55-8D46-60038180112A}.Debug|Any CPU.ActiveCfg = Debug|Any CPU
		{27FCEE72-9AF0-4E55-8D46-60038180112A}.Debug|Any CPU.Build.0 = Debug|Any CPU
		{27FCEE72-9AF0-4E55-8D46-60038180112A}.Release|Any CPU.ActiveCfg = Release|Any CPU
		{27FCEE72-9AF0-4E55-8D46-60038180112A}.Release|Any CPU.Build.0 = Release|Any CPU
	EndGlobalSection
	GlobalSection(SolutionProperties) = preSolution
		HideSolutionNode = FALSE
	EndGlobalSection
	GlobalSection(ExtensibilityGlobals) = postSolution
		SolutionGuid = {09A03ACF-E2E3-458A-BE53-5928A81F76B0}
	EndGlobalSection
EndGlobal
